// !$*UTF8*$!
{
	archiveVersion = 1;
	classes = {
	};
	objectVersion = 56;
	objects = {

/* Begin PBXBuildFile section */
		95F12E6C2A0D1CB300E47484 /* AppDelegate.swift in Sources */ = {isa = PBXBuildFile; fileRef = 95F12E6B2A0D1CB300E47484 /* AppDelegate.swift */; };
		95F12E6E2A0D1CB300E47484 /* SceneDelegate.swift in Sources */ = {isa = PBXBuildFile; fileRef = 95F12E6D2A0D1CB300E47484 /* SceneDelegate.swift */; };
		95F12E702A0D1CB300E47484 /* ViewController.swift in Sources */ = {isa = PBXBuildFile; fileRef = 95F12E6F2A0D1CB300E47484 /* ViewController.swift */; };
		95F12E752A0D1CB400E47484 /* Assets.xcassets in Resources */ = {isa = PBXBuildFile; fileRef = 95F12E742A0D1CB400E47484 /* Assets.xcassets */; };
		95F12E782A0D1CB400E47484 /* LaunchScreen.storyboard in Resources */ = {isa = PBXBuildFile; fileRef = 95F12E762A0D1CB400E47484 /* LaunchScreen.storyboard */; };
		95F12E862A0D1EFF00E47484 /* FocusOberservationView.swift in Sources */ = {isa = PBXBuildFile; fileRef = 95F12E852A0D1EFF00E47484 /* FocusOberservationView.swift */; };
		95F12E882A0D22EE00E47484 /* FocusObsevationViewModel.swift in Sources */ = {isa = PBXBuildFile; fileRef = 95F12E872A0D22EE00E47484 /* FocusObsevationViewModel.swift */; };
		95F12E8B2A0D236100E47484 /* UIImage+.swift in Sources */ = {isa = PBXBuildFile; fileRef = 95F12E8A2A0D236100E47484 /* UIImage+.swift */; };
		95F12E8D2A0D23D900E47484 /* ImagesManager.swift in Sources */ = {isa = PBXBuildFile; fileRef = 95F12E8C2A0D23D900E47484 /* ImagesManager.swift */; };
/* End PBXBuildFile section */

/* Begin PBXFileReference section */
		95F12E682A0D1CB300E47484 /* FocusObservation.app */ = {isa = PBXFileReference; explicitFileType = wrapper.application; includeInIndex = 0; path = FocusObservation.app; sourceTree = BUILT_PRODUCTS_DIR; };
		95F12E6B2A0D1CB300E47484 /* AppDelegate.swift */ = {isa = PBXFileReference; lastKnownFileType = sourcecode.swift; path = AppDelegate.swift; sourceTree = "<group>"; };
		95F12E6D2A0D1CB300E47484 /* SceneDelegate.swift */ = {isa = PBXFileReference; lastKnownFileType = sourcecode.swift; path = SceneDelegate.swift; sourceTree = "<group>"; };
		95F12E6F2A0D1CB300E47484 /* ViewController.swift */ = {isa = PBXFileReference; lastKnownFileType = sourcecode.swift; path = ViewController.swift; sourceTree = "<group>"; };
		95F12E742A0D1CB400E47484 /* Assets.xcassets */ = {isa = PBXFileReference; lastKnownFileType = folder.assetcatalog; path = Assets.xcassets; sourceTree = "<group>"; };
		95F12E772A0D1CB400E47484 /* Base */ = {isa = PBXFileReference; lastKnownFileType = file.storyboard; name = Base; path = Base.lproj/LaunchScreen.storyboard; sourceTree = "<group>"; };
		95F12E792A0D1CB400E47484 /* Info.plist */ = {isa = PBXFileReference; lastKnownFileType = text.plist.xml; path = Info.plist; sourceTree = "<group>"; };
		95F12E852A0D1EFF00E47484 /* FocusOberservationView.swift */ = {isa = PBXFileReference; lastKnownFileType = sourcecode.swift; path = FocusOberservationView.swift; sourceTree = "<group>"; };
		95F12E872A0D22EE00E47484 /* FocusObsevationViewModel.swift */ = {isa = PBXFileReference; lastKnownFileType = sourcecode.swift; path = FocusObsevationViewModel.swift; sourceTree = "<group>"; };
		95F12E8A2A0D236100E47484 /* UIImage+.swift */ = {isa = PBXFileReference; lastKnownFileType = sourcecode.swift; path = "UIImage+.swift"; sourceTree = "<group>"; };
		95F12E8C2A0D23D900E47484 /* ImagesManager.swift */ = {isa = PBXFileReference; lastKnownFileType = sourcecode.swift; path = ImagesManager.swift; sourceTree = "<group>"; };
		95F12E8F2A0D248700E47484 /* FocusObservation.entitlements */ = {isa = PBXFileReference; lastKnownFileType = text.plist.entitlements; path = FocusObservation.entitlements; sourceTree = "<group>"; };
		95F12E922A0D256100E47484 /* FocusObservationDebug.entitlements */ = {isa = PBXFileReference; lastKnownFileType = text.plist.entitlements; name = FocusObservationDebug.entitlements; path = ../../../.Trash/FocusObservationDebug.entitlements; sourceTree = "<group>"; };
/* End PBXFileReference section */

/* Begin PBXFrameworksBuildPhase section */
		95F12E652A0D1CB300E47484 /* Frameworks */ = {
			isa = PBXFrameworksBuildPhase;
			buildActionMask = 2147483647;
			files = (
			);
			runOnlyForDeploymentPostprocessing = 0;
		};
/* End PBXFrameworksBuildPhase section */

/* Begin PBXGroup section */
		95F12E5F2A0D1CB300E47484 = {
			isa = PBXGroup;
			children = (
				95F12E6A2A0D1CB300E47484 /* FocusObservation */,
				95F12E692A0D1CB300E47484 /* Products */,
			);
			sourceTree = "<group>";
		};
		95F12E692A0D1CB300E47484 /* Products */ = {
			isa = PBXGroup;
			children = (
				95F12E682A0D1CB300E47484 /* FocusObservation.app */,
			);
			name = Products;
			sourceTree = "<group>";
		};
		95F12E6A2A0D1CB300E47484 /* FocusObservation */ = {
			isa = PBXGroup;
			children = (
				95F12E922A0D256100E47484 /* FocusObservationDebug.entitlements */,
				95F12E8F2A0D248700E47484 /* FocusObservation.entitlements */,
				95F12E8E2A0D246C00E47484 /* App */,
				95F12E812A0D1EA100E47484 /* Representation */,
				95F12E802A0D1E6600E47484 /* Utils */,
				95F12E742A0D1CB400E47484 /* Assets.xcassets */,
				95F12E762A0D1CB400E47484 /* LaunchScreen.storyboard */,
				95F12E792A0D1CB400E47484 /* Info.plist */,
			);
			path = FocusObservation;
			sourceTree = "<group>";
		};
		95F12E802A0D1E6600E47484 /* Utils */ = {
			isa = PBXGroup;
			children = (
				95F12E8C2A0D23D900E47484 /* ImagesManager.swift */,
				95F12E892A0D234600E47484 /* extensions */,
			);
			path = Utils;
			sourceTree = "<group>";
		};
		95F12E812A0D1EA100E47484 /* Representation */ = {
			isa = PBXGroup;
			children = (
				95F12E842A0D1EC200E47484 /* Controller */,
				95F12E832A0D1EB200E47484 /* ViewModel */,
				95F12E822A0D1EAE00E47484 /* View */,
			);
			path = Representation;
			sourceTree = "<group>";
		};
		95F12E822A0D1EAE00E47484 /* View */ = {
			isa = PBXGroup;
			children = (
				95F12E852A0D1EFF00E47484 /* FocusOberservationView.swift */,
			);
			path = View;
			sourceTree = "<group>";
		};
		95F12E832A0D1EB200E47484 /* ViewModel */ = {
			isa = PBXGroup;
			children = (
				95F12E872A0D22EE00E47484 /* FocusObsevationViewModel.swift */,
			);
			path = ViewModel;
			sourceTree = "<group>";
		};
		95F12E842A0D1EC200E47484 /* Controller */ = {
			isa = PBXGroup;
			children = (
				95F12E6F2A0D1CB300E47484 /* ViewController.swift */,
			);
			path = Controller;
			sourceTree = "<group>";
		};
		95F12E892A0D234600E47484 /* extensions */ = {
			isa = PBXGroup;
			children = (
				95F12E8A2A0D236100E47484 /* UIImage+.swift */,
			);
			path = extensions;
			sourceTree = "<group>";
		};
		95F12E8E2A0D246C00E47484 /* App */ = {
			isa = PBXGroup;
			children = (
				95F12E6B2A0D1CB300E47484 /* AppDelegate.swift */,
				95F12E6D2A0D1CB300E47484 /* SceneDelegate.swift */,
			);
			path = App;
			sourceTree = "<group>";
		};
/* End PBXGroup section */

/* Begin PBXNativeTarget section */
		95F12E672A0D1CB300E47484 /* FocusObservation */ = {
			isa = PBXNativeTarget;
			buildConfigurationList = 95F12E7C2A0D1CB400E47484 /* Build configuration list for PBXNativeTarget "FocusObservation" */;
			buildPhases = (
				95F12E642A0D1CB300E47484 /* Sources */,
				95F12E652A0D1CB300E47484 /* Frameworks */,
				95F12E662A0D1CB300E47484 /* Resources */,
			);
			buildRules = (
			);
			dependencies = (
			);
			name = FocusObservation;
			productName = FocusObservation;
			productReference = 95F12E682A0D1CB300E47484 /* FocusObservation.app */;
			productType = "com.apple.product-type.application";
		};
/* End PBXNativeTarget section */

/* Begin PBXProject section */
		95F12E602A0D1CB300E47484 /* Project object */ = {
			isa = PBXProject;
			attributes = {
				BuildIndependentTargetsInParallel = 1;
				LastSwiftUpdateCheck = 1430;
				LastUpgradeCheck = 1430;
				TargetAttributes = {
					95F12E672A0D1CB300E47484 = {
						CreatedOnToolsVersion = 14.3;
					};
				};
			};
			buildConfigurationList = 95F12E632A0D1CB300E47484 /* Build configuration list for PBXProject "FocusObservation" */;
			compatibilityVersion = "Xcode 14.0";
			developmentRegion = en;
			hasScannedForEncodings = 0;
			knownRegions = (
				en,
				Base,
			);
			mainGroup = 95F12E5F2A0D1CB300E47484;
			productRefGroup = 95F12E692A0D1CB300E47484 /* Products */;
			projectDirPath = "";
			projectRoot = "";
			targets = (
				95F12E672A0D1CB300E47484 /* FocusObservation */,
			);
		};
/* End PBXProject section */

/* Begin PBXResourcesBuildPhase section */
		95F12E662A0D1CB300E47484 /* Resources */ = {
			isa = PBXResourcesBuildPhase;
			buildActionMask = 2147483647;
			files = (
				95F12E782A0D1CB400E47484 /* LaunchScreen.storyboard in Resources */,
				95F12E752A0D1CB400E47484 /* Assets.xcassets in Resources */,
			);
			runOnlyForDeploymentPostprocessing = 0;
		};
/* End PBXResourcesBuildPhase section */

/* Begin PBXSourcesBuildPhase section */
		95F12E642A0D1CB300E47484 /* Sources */ = {
			isa = PBXSourcesBuildPhase;
			buildActionMask = 2147483647;
			files = (
				95F12E702A0D1CB300E47484 /* ViewController.swift in Sources */,
				95F12E8D2A0D23D900E47484 /* ImagesManager.swift in Sources */,
				95F12E862A0D1EFF00E47484 /* FocusOberservationView.swift in Sources */,
				95F12E882A0D22EE00E47484 /* FocusObsevationViewModel.swift in Sources */,
				95F12E8B2A0D236100E47484 /* UIImage+.swift in Sources */,
				95F12E6C2A0D1CB300E47484 /* AppDelegate.swift in Sources */,
				95F12E6E2A0D1CB300E47484 /* SceneDelegate.swift in Sources */,
			);
			runOnlyForDeploymentPostprocessing = 0;
		};
/* End PBXSourcesBuildPhase section */

/* Begin PBXVariantGroup section */
		95F12E762A0D1CB400E47484 /* LaunchScreen.storyboard */ = {
			isa = PBXVariantGroup;
			children = (
				95F12E772A0D1CB400E47484 /* Base */,
			);
			name = LaunchScreen.storyboard;
			sourceTree = "<group>";
		};
/* End PBXVariantGroup section */

/* Begin XCBuildConfiguration section */
		95F12E7A2A0D1CB400E47484 /* Debug */ = {
			isa = XCBuildConfiguration;
			buildSettings = {
				ALWAYS_SEARCH_USER_PATHS = NO;
				CLANG_ANALYZER_NONNULL = YES;
				CLANG_ANALYZER_NUMBER_OBJECT_CONVERSION = YES_AGGRESSIVE;
				CLANG_CXX_LANGUAGE_STANDARD = "gnu++20";
				CLANG_ENABLE_MODULES = YES;
				CLANG_ENABLE_OBJC_ARC = YES;
				CLANG_ENABLE_OBJC_WEAK = YES;
				CLANG_WARN_BLOCK_CAPTURE_AUTORELEASING = YES;
				CLANG_WARN_BOOL_CONVERSION = YES;
				CLANG_WARN_COMMA = YES;
				CLANG_WARN_CONSTANT_CONVERSION = YES;
				CLANG_WARN_DEPRECATED_OBJC_IMPLEMENTATIONS = YES;
				CLANG_WARN_DIRECT_OBJC_ISA_USAGE = YES_ERROR;
				CLANG_WARN_DOCUMENTATION_COMMENTS = YES;
				CLANG_WARN_EMPTY_BODY = YES;
				CLANG_WARN_ENUM_CONVERSION = YES;
				CLANG_WARN_INFINITE_RECURSION = YES;
				CLANG_WARN_INT_CONVERSION = YES;
				CLANG_WARN_NON_LITERAL_NULL_CONVERSION = YES;
				CLANG_WARN_OBJC_IMPLICIT_RETAIN_SELF = YES;
				CLANG_WARN_OBJC_LITERAL_CONVERSION = YES;
				CLANG_WARN_OBJC_ROOT_CLASS = YES_ERROR;
				CLANG_WARN_QUOTED_INCLUDE_IN_FRAMEWORK_HEADER = YES;
				CLANG_WARN_RANGE_LOOP_ANALYSIS = YES;
				CLANG_WARN_STRICT_PROTOTYPES = YES;
				CLANG_WARN_SUSPICIOUS_MOVE = YES;
				CLANG_WARN_UNGUARDED_AVAILABILITY = YES_AGGRESSIVE;
				CLANG_WARN_UNREACHABLE_CODE = YES;
				CLANG_WARN__DUPLICATE_METHOD_MATCH = YES;
				COPY_PHASE_STRIP = NO;
				DEBUG_INFORMATION_FORMAT = dwarf;
				ENABLE_STRICT_OBJC_MSGSEND = YES;
				ENABLE_TESTABILITY = YES;
				GCC_C_LANGUAGE_STANDARD = gnu11;
				GCC_DYNAMIC_NO_PIC = NO;
				GCC_NO_COMMON_BLOCKS = YES;
				GCC_OPTIMIZATION_LEVEL = 0;
				GCC_PREPROCESSOR_DEFINITIONS = (
					"DEBUG=1",
					"$(inherited)",
				);
				GCC_WARN_64_TO_32_BIT_CONVERSION = YES;
				GCC_WARN_ABOUT_RETURN_TYPE = YES_ERROR;
				GCC_WARN_UNDECLARED_SELECTOR = YES;
				GCC_WARN_UNINITIALIZED_AUTOS = YES_AGGRESSIVE;
				GCC_WARN_UNUSED_FUNCTION = YES;
				GCC_WARN_UNUSED_VARIABLE = YES;
				IPHONEOS_DEPLOYMENT_TARGET = 16.0;
				MTL_ENABLE_DEBUG_INFO = INCLUDE_SOURCE;
				MTL_FAST_MATH = YES;
				ONLY_ACTIVE_ARCH = YES;
				SDKROOT = iphoneos;
				SWIFT_ACTIVE_COMPILATION_CONDITIONS = DEBUG;
				SWIFT_OPTIMIZATION_LEVEL = "-Onone";
			};
			name = Debug;
		};
		95F12E7B2A0D1CB400E47484 /* Release */ = {
			isa = XCBuildConfiguration;
			buildSettings = {
				ALWAYS_SEARCH_USER_PATHS = NO;
				CLANG_ANALYZER_NONNULL = YES;
				CLANG_ANALYZER_NUMBER_OBJECT_CONVERSION = YES_AGGRESSIVE;
				CLANG_CXX_LANGUAGE_STANDARD = "gnu++20";
				CLANG_ENABLE_MODULES = YES;
				CLANG_ENABLE_OBJC_ARC = YES;
				CLANG_ENABLE_OBJC_WEAK = YES;
				CLANG_WARN_BLOCK_CAPTURE_AUTORELEASING = YES;
				CLANG_WARN_BOOL_CONVERSION = YES;
				CLANG_WARN_COMMA = YES;
				CLANG_WARN_CONSTANT_CONVERSION = YES;
				CLANG_WARN_DEPRECATED_OBJC_IMPLEMENTATIONS = YES;
				CLANG_WARN_DIRECT_OBJC_ISA_USAGE = YES_ERROR;
				CLANG_WARN_DOCUMENTATION_COMMENTS = YES;
				CLANG_WARN_EMPTY_BODY = YES;
				CLANG_WARN_ENUM_CONVERSION = YES;
				CLANG_WARN_INFINITE_RECURSION = YES;
				CLANG_WARN_INT_CONVERSION = YES;
				CLANG_WARN_NON_LITERAL_NULL_CONVERSION = YES;
				CLANG_WARN_OBJC_IMPLICIT_RETAIN_SELF = YES;
				CLANG_WARN_OBJC_LITERAL_CONVERSION = YES;
				CLANG_WARN_OBJC_ROOT_CLASS = YES_ERROR;
				CLANG_WARN_QUOTED_INCLUDE_IN_FRAMEWORK_HEADER = YES;
				CLANG_WARN_RANGE_LOOP_ANALYSIS = YES;
				CLANG_WARN_STRICT_PROTOTYPES = YES;
				CLANG_WARN_SUSPICIOUS_MOVE = YES;
				CLANG_WARN_UNGUARDED_AVAILABILITY = YES_AGGRESSIVE;
				CLANG_WARN_UNREACHABLE_CODE = YES;
				CLANG_WARN__DUPLICATE_METHOD_MATCH = YES;
				COPY_PHASE_STRIP = NO;
				DEBUG_INFORMATION_FORMAT = "dwarf-with-dsym";
				ENABLE_NS_ASSERTIONS = NO;
				ENABLE_STRICT_OBJC_MSGSEND = YES;
				GCC_C_LANGUAGE_STANDARD = gnu11;
				GCC_NO_COMMON_BLOCKS = YES;
				GCC_WARN_64_TO_32_BIT_CONVERSION = YES;
				GCC_WARN_ABOUT_RETURN_TYPE = YES_ERROR;
				GCC_WARN_UNDECLARED_SELECTOR = YES;
				GCC_WARN_UNINITIALIZED_AUTOS = YES_AGGRESSIVE;
				GCC_WARN_UNUSED_FUNCTION = YES;
				GCC_WARN_UNUSED_VARIABLE = YES;
				IPHONEOS_DEPLOYMENT_TARGET = 16.0;
				MTL_ENABLE_DEBUG_INFO = NO;
				MTL_FAST_MATH = YES;
				SDKROOT = iphoneos;
				SWIFT_COMPILATION_MODE = wholemodule;
				SWIFT_OPTIMIZATION_LEVEL = "-O";
				VALIDATE_PRODUCT = YES;
			};
			name = Release;
		};
		95F12E7D2A0D1CB400E47484 /* Debug */ = {
			isa = XCBuildConfiguration;
			buildSettings = {
				ASSETCATALOG_COMPILER_APPICON_NAME = AppIcon;
				ASSETCATALOG_COMPILER_GLOBAL_ACCENT_COLOR_NAME = AccentColor;
				CODE_SIGN_ENTITLEMENTS = FocusObservation/FocusObservation.entitlements;
				"CODE_SIGN_IDENTITY[sdk=macosx*]" = "-";
				CODE_SIGN_STYLE = Automatic;
				CURRENT_PROJECT_VERSION = 1;
				DEVELOPMENT_TEAM = "";
				GENERATE_INFOPLIST_FILE = YES;
				INFOPLIST_FILE = FocusObservation/Info.plist;
				INFOPLIST_KEY_NSCameraUsageDescription = "You can use camera";
				INFOPLIST_KEY_UIApplicationSupportsIndirectInputEvents = YES;
				INFOPLIST_KEY_UILaunchStoryboardName = LaunchScreen;
				INFOPLIST_KEY_UISupportedInterfaceOrientations_iPad = "UIInterfaceOrientationPortrait UIInterfaceOrientationPortraitUpsideDown UIInterfaceOrientationLandscapeLeft UIInterfaceOrientationLandscapeRight";
				INFOPLIST_KEY_UISupportedInterfaceOrientations_iPhone = "UIInterfaceOrientationPortrait UIInterfaceOrientationLandscapeLeft UIInterfaceOrientationLandscapeRight";
				IPHONEOS_DEPLOYMENT_TARGET = 16.0;
				LD_RUNPATH_SEARCH_PATHS = (
					"$(inherited)",
					"@executable_path/Frameworks",
				);
				MARKETING_VERSION = 1.0;
				PRODUCT_BUNDLE_IDENTIFIER = Academy.FocusObservation;
				PRODUCT_NAME = "$(TARGET_NAME)";
				SUPPORTED_PLATFORMS = "iphoneos iphonesimulator";
				SUPPORTS_MACCATALYST = YES;
				SUPPORTS_MAC_DESIGNED_FOR_IPHONE_IPAD = NO;
				SWIFT_EMIT_LOC_STRINGS = YES;
				SWIFT_VERSION = 5.0;
				TARGETED_DEVICE_FAMILY = 2;
			};
			name = Debug;
		};
		95F12E7E2A0D1CB400E47484 /* Release */ = {
			isa = XCBuildConfiguration;
			buildSettings = {
				ASSETCATALOG_COMPILER_APPICON_NAME = AppIcon;
				ASSETCATALOG_COMPILER_GLOBAL_ACCENT_COLOR_NAME = AccentColor;
				CODE_SIGN_ENTITLEMENTS = FocusObservation/FocusObservation.entitlements;
				CODE_SIGN_STYLE = Automatic;
				CURRENT_PROJECT_VERSION = 1;
				DEVELOPMENT_TEAM = 35GM6XG62S;
				GENERATE_INFOPLIST_FILE = YES;
				INFOPLIST_FILE = FocusObservation/Info.plist;
				INFOPLIST_KEY_NSCameraUsageDescription = "You can use camera";
				INFOPLIST_KEY_UIApplicationSupportsIndirectInputEvents = YES;
				INFOPLIST_KEY_UILaunchStoryboardName = LaunchScreen;
				INFOPLIST_KEY_UISupportedInterfaceOrientations_iPad = "UIInterfaceOrientationPortrait UIInterfaceOrientationPortraitUpsideDown UIInterfaceOrientationLandscapeLeft UIInterfaceOrientationLandscapeRight";
				INFOPLIST_KEY_UISupportedInterfaceOrientations_iPhone = "UIInterfaceOrientationPortrait UIInterfaceOrientationLandscapeLeft UIInterfaceOrientationLandscapeRight";
				IPHONEOS_DEPLOYMENT_TARGET = 16.0;
				LD_RUNPATH_SEARCH_PATHS = (
					"$(inherited)",
					"@executable_path/Frameworks",
				);
				MARKETING_VERSION = 1.0;
				PRODUCT_BUNDLE_IDENTIFIER = Academy.FocusObservation;
				PRODUCT_NAME = "$(TARGET_NAME)";
				SUPPORTED_PLATFORMS = "iphoneos iphonesimulator";
				SUPPORTS_MACCATALYST = YES;
				SUPPORTS_MAC_DESIGNED_FOR_IPHONE_IPAD = NO;
				SWIFT_EMIT_LOC_STRINGS = YES;
				SWIFT_VERSION = 5.0;
				TARGETED_DEVICE_FAMILY = 2;
			};
			name = Release;
		};
/* End XCBuildConfiguration section */

/* Begin XCConfigurationList section */
		95F12E632A0D1CB300E47484 /* Build configuration list for PBXProject "FocusObservation" */ = {
			isa = XCConfigurationList;
			buildConfigurations = (
				95F12E7A2A0D1CB400E47484 /* Debug */,
				95F12E7B2A0D1CB400E47484 /* Release */,
			);
			defaultConfigurationIsVisible = 0;
			defaultConfigurationName = Release;
		};
		95F12E7C2A0D1CB400E47484 /* Build configuration list for PBXNativeTarget "FocusObservation" */ = {
			isa = XCConfigurationList;
			buildConfigurations = (
				95F12E7D2A0D1CB400E47484 /* Debug */,
				95F12E7E2A0D1CB400E47484 /* Release */,
			);
			defaultConfigurationIsVisible = 0;
			defaultConfigurationName = Release;
		};
/* End XCConfigurationList section */
	};
	rootObject = 95F12E602A0D1CB300E47484 /* Project object */;
}
